
Microsoft Visual Studio Solution File, Format Version 12.00
# Visual Studio Version 17
VisualStudioVersion = 17.13.35919.96
MinimumVisualStudioVersion = 10.0.40219.1
Project("{FAE04EC0-301F-11D3-BF4B-00C04F79EFBC}") = "UniClipServer", "UniClipServer\UniClipServer.csproj", "{36064437-3949-4246-9E93-8DC4948392CF}"
EndProject
Project("{FAE04EC0-301F-11D3-BF4B-00C04F79EFBC}") = "UniclipClient", "UniclipClient\UniclipClient.csproj", "{08C87A5F-7734-4EE2-B1B6-F7FDD8F396A2}"
EndProject
Global
	GlobalSection(SolutionConfigurationPlatforms) = preSolution
		Debug|Any CPU = Debug|Any CPU
		Release|Any CPU = Release|Any CPU
	EndGlobalSection
	GlobalSection(ProjectConfigurationPlatforms) = postSolution
		{36064437-3949-4246-9E93-8DC4948392CF}.Debug|Any CPU.ActiveCfg = Debug|Any CPU
		{36064437-3949-4246-9E93-8DC4948392CF}.Debug|Any CPU.Build.0 = Debug|Any CPU
		{36064437-3949-4246-9E93-8DC4948392CF}.Release|Any CPU.ActiveCfg = Release|Any CPU
		{36064437-3949-4246-9E93-8DC4948392CF}.Release|Any CPU.Build.0 = Release|Any CPU
		{08C87A5F-7734-4EE2-B1B6-F7FDD8F396A2}.Debug|Any CPU.ActiveCfg = Debug|Any CPU
		{08C87A5F-7734-4EE2-B1B6-F7FDD8F396A2}.Debug|Any CPU.Build.0 = Debug|Any CPU
		{08C87A5F-7734-4EE2-B1B6-F7FDD8F396A2}.Release|Any CPU.ActiveCfg = Release|Any CPU
		{08C87A5F-7734-4EE2-B1B6-F7FDD8F396A2}.Release|Any CPU.Build.0 = Release|Any CPU
	EndGlobalSection
	GlobalSection(SolutionProperties) = preSolution
		HideSolutionNode = FALSE
	EndGlobalSection
	GlobalSection(ExtensibilityGlobals) = postSolution
		SolutionGuid = {774639BE-2FAC-4973-BC05-FD3CAAA61E37}
	EndGlobalSection
EndGlobal
